
Microsoft Visual Studio Solution File, Format Version 12.00
# Visual Studio Version 17
VisualStudioVersion = 17.8.34316.72
MinimumVisualStudioVersion = 10.0.40219.1
Project("{FAE04EC0-301F-11D3-BF4B-00C04F79EFBC}") = "PrimeiroProjeto", "PrimeiroProjeto.csproj", "{39D8EB88-C512-40BE-9E57-0C371EFDBDDC}"
EndProject
Global
	GlobalSection(SolutionConfigurationPlatforms) = preSolution
		Debug|Any CPU = Debug|Any CPU
		Release|Any CPU = Release|Any CPU
	EndGlobalSection
	GlobalSection(ProjectConfigurationPlatforms) = postSolution
		{39D8EB88-C512-40BE-9E57-0C371EFDBDDC}.Debug|Any CPU.ActiveCfg = Debug|Any CPU
		{39D8EB88-C512-40BE-9E57-0C371EFDBDDC}.Debug|Any CPU.Build.0 = Debug|Any CPU
		{39D8EB88-C512-40BE-9E57-0C371EFDBDDC}.Release|Any CPU.ActiveCfg = Release|Any CPU
		{39D8EB88-C512-40BE-9E57-0C371EFDBDDC}.Release|Any CPU.Build.0 = Release|Any CPU
	EndGlobalSection
	GlobalSection(SolutionProperties) = preSolution
		HideSolutionNode = FALSE
	EndGlobalSection
	GlobalSection(ExtensibilityGlobals) = postSolution
		SolutionGuid = {D174A766-608A-4CF0-AAD0-EAE24AF38766}
	EndGlobalSection
EndGlobal
